{
  "name": "erats-console-web",
  "version": "1.0.0",
  "lockfileVersion": 1,
  "requires": true,
  "dependencies": {
    "await-timeout": {
      "version": "0.3.0",
      "resolved": "https://registry.npmjs.org/await-timeout/-/await-timeout-0.3.0.tgz",
      "integrity": "sha512-VplqC/SXpOPW0DJIHZ9OreuDdYLnO6gdluerzhKroEnBZGZQO9c1Yy+GvWo4UOq1tIK0mv8sSf4kKPv305qj4w=="
    },
    "erats": {
      "version": "1.0.3",
      "resolved": "https://registry.npmjs.org/erats/-/erats-1.0.3.tgz",
      "integrity": "sha512-ipLC1+xl2O5vF56+WyBlBcy2ZUI7seWfxzpwPkZI2LfvhKBbrttzrDFYu7rKDfJIsXtuqD0RmLrjg0vagwpUrw=="
    },
    "typescript": {
      "version": "3.2.1",
      "resolved": "https://registry.npmjs.org/typescript/-/typescript-3.2.1.tgz",
      "integrity": "sha512-jw7P2z/h6aPT4AENXDGjcfHTu5CSqzsbZc6YlUIebTyBAq8XaKp78x7VcSh30xwSCcsu5irZkYZUSFP1MrAMbg==",
      "dev": true
    }
  }
}
